
Microsoft Visual Studio Solution File, Format Version 12.00
# Visual Studio Version 17
VisualStudioVersion = 17.10.35122.118
MinimumVisualStudioVersion = 10.0.40219.1
Project("{888888A0-9F3D-457C-B088-3A5042F75D52}") = "Practica4_PY", "Practica4_PY.pyproj", "{64D350D4-9F5A-4216-AC25-0708B5D83ABC}"
EndProject
Global
	GlobalSection(SolutionConfigurationPlatforms) = preSolution
		Debug|Any CPU = Debug|Any CPU
		Release|Any CPU = Release|Any CPU
	EndGlobalSection
	GlobalSection(ProjectConfigurationPlatforms) = postSolution
		{64D350D4-9F5A-4216-AC25-0708B5D83ABC}.Debug|Any CPU.ActiveCfg = Debug|Any CPU
		{64D350D4-9F5A-4216-AC25-0708B5D83ABC}.Release|Any CPU.ActiveCfg = Release|Any CPU
	EndGlobalSection
	GlobalSection(SolutionProperties) = preSolution
		HideSolutionNode = FALSE
	EndGlobalSection
	GlobalSection(ExtensibilityGlobals) = postSolution
		SolutionGuid = {A3179A40-DDF6-49E9-9464-6984170980E5}
	EndGlobalSection
EndGlobal
